
Microsoft Visual Studio Solution File, Format Version 12.00
# Visual Studio Version 16
VisualStudioVersion = 16.0.32802.440
MinimumVisualStudioVersion = 10.0.40219.1
Project("{2150E333-8FDC-42A3-9474-1A3956D46DE8}") = "Applications", "Applications", "{40A4D533-2718-4DB5-8726-011381556956}"
EndProject
Project("{2150E333-8FDC-42A3-9474-1A3956D46DE8}") = "Libraries", "Libraries", "{4DA8D0A0-3BDA-4D55-A1CA-090529C93D64}"
EndProject
Project("{FAE04EC0-301F-11D3-BF4B-00C04F79EFBC}") = "SV19T1081026.AdminTool", "SV19T1081026.Day2\SV19T1081026.AdminTool.csproj", "{97AF942E-DBE3-4DC3-9ABB-C630D630253F}"
EndProject
Project("{FAE04EC0-301F-11D3-BF4B-00C04F79EFBC}") = "SV19T1081026.DomainModels", "SV19T1081026.DomainModels\SV19T1081026.DomainModels.csproj", "{B1CAA18D-B5BB-4744-9564-53994EC3E922}"
EndProject
Project("{FAE04EC0-301F-11D3-BF4B-00C04F79EFBC}") = "SV19T1081026.DataLayers", "SV19T1081026.DataLayers\SV19T1081026.DataLayers.csproj", "{0C1C0B10-35C6-428C-BF68-3C4691DE4596}"
EndProject
Project("{FAE04EC0-301F-11D3-BF4B-00C04F79EFBC}") = "SV19T1081026.BusinessLayers", "SV19T1081026.BusinessLayers\SV19T1081026.BusinessLayers.csproj", "{C388286B-9472-4FAF-8603-8C57ACDDCE97}"
EndProject
Project("{FAE04EC0-301F-11D3-BF4B-00C04F79EFBC}") = "SV19T1081026.Lib", "SV19T1081026.Lib\SV19T1081026.Lib.csproj", "{55E2DE40-9BF7-470D-9362-D14F054B5030}"
EndProject
Project("{FAE04EC0-301F-11D3-BF4B-00C04F79EFBC}") = "SV19T1081026.NewsPayper", "SV19T1081026.NewsPayper\SV19T1081026.NewsPayper.csproj", "{848E4B9C-98E0-4F68-B765-56349DFFF285}"
EndProject
Global
	GlobalSection(SolutionConfigurationPlatforms) = preSolution
		Debug|Any CPU = Debug|Any CPU
		Release|Any CPU = Release|Any CPU
	EndGlobalSection
	GlobalSection(ProjectConfigurationPlatforms) = postSolution
		{97AF942E-DBE3-4DC3-9ABB-C630D630253F}.Debug|Any CPU.ActiveCfg = Debug|Any CPU
		{97AF942E-DBE3-4DC3-9ABB-C630D630253F}.Debug|Any CPU.Build.0 = Debug|Any CPU
		{97AF942E-DBE3-4DC3-9ABB-C630D630253F}.Release|Any CPU.ActiveCfg = Release|Any CPU
		{97AF942E-DBE3-4DC3-9ABB-C630D630253F}.Release|Any CPU.Build.0 = Release|Any CPU
		{B1CAA18D-B5BB-4744-9564-53994EC3E922}.Debug|Any CPU.ActiveCfg = Debug|Any CPU
		{B1CAA18D-B5BB-4744-9564-53994EC3E922}.Debug|Any CPU.Build.0 = Debug|Any CPU
		{B1CAA18D-B5BB-4744-9564-53994EC3E922}.Release|Any CPU.ActiveCfg = Release|Any CPU
		{B1CAA18D-B5BB-4744-9564-53994EC3E922}.Release|Any CPU.Build.0 = Release|Any CPU
		{0C1C0B10-35C6-428C-BF68-3C4691DE4596}.Debug|Any CPU.ActiveCfg = Debug|Any CPU
		{0C1C0B10-35C6-428C-BF68-3C4691DE4596}.Debug|Any CPU.Build.0 = Debug|Any CPU
		{0C1C0B10-35C6-428C-BF68-3C4691DE4596}.Release|Any CPU.ActiveCfg = Release|Any CPU
		{0C1C0B10-35C6-428C-BF68-3C4691DE4596}.Release|Any CPU.Build.0 = Release|Any CPU
		{C388286B-9472-4FAF-8603-8C57ACDDCE97}.Debug|Any CPU.ActiveCfg = Debug|Any CPU
		{C388286B-9472-4FAF-8603-8C57ACDDCE97}.Debug|Any CPU.Build.0 = Debug|Any CPU
		{C388286B-9472-4FAF-8603-8C57ACDDCE97}.Release|Any CPU.ActiveCfg = Release|Any CPU
		{C388286B-9472-4FAF-8603-8C57ACDDCE97}.Release|Any CPU.Build.0 = Release|Any CPU
		{55E2DE40-9BF7-470D-9362-D14F054B5030}.Debug|Any CPU.ActiveCfg = Debug|Any CPU
		{55E2DE40-9BF7-470D-9362-D14F054B5030}.Debug|Any CPU.Build.0 = Debug|Any CPU
		{55E2DE40-9BF7-470D-9362-D14F054B5030}.Release|Any CPU.ActiveCfg = Release|Any CPU
		{55E2DE40-9BF7-470D-9362-D14F054B5030}.Release|Any CPU.Build.0 = Release|Any CPU
		{848E4B9C-98E0-4F68-B765-56349DFFF285}.Debug|Any CPU.ActiveCfg = Debug|Any CPU
		{848E4B9C-98E0-4F68-B765-56349DFFF285}.Debug|Any CPU.Build.0 = Debug|Any CPU
		{848E4B9C-98E0-4F68-B765-56349DFFF285}.Release|Any CPU.ActiveCfg = Release|Any CPU
		{848E4B9C-98E0-4F68-B765-56349DFFF285}.Release|Any CPU.Build.0 = Release|Any CPU
	EndGlobalSection
	GlobalSection(SolutionProperties) = preSolution
		HideSolutionNode = FALSE
	EndGlobalSection
	GlobalSection(NestedProjects) = preSolution
		{97AF942E-DBE3-4DC3-9ABB-C630D630253F} = {40A4D533-2718-4DB5-8726-011381556956}
		{B1CAA18D-B5BB-4744-9564-53994EC3E922} = {4DA8D0A0-3BDA-4D55-A1CA-090529C93D64}
		{0C1C0B10-35C6-428C-BF68-3C4691DE4596} = {4DA8D0A0-3BDA-4D55-A1CA-090529C93D64}
		{C388286B-9472-4FAF-8603-8C57ACDDCE97} = {4DA8D0A0-3BDA-4D55-A1CA-090529C93D64}
		{55E2DE40-9BF7-470D-9362-D14F054B5030} = {4DA8D0A0-3BDA-4D55-A1CA-090529C93D64}
		{848E4B9C-98E0-4F68-B765-56349DFFF285} = {40A4D533-2718-4DB5-8726-011381556956}
	EndGlobalSection
	GlobalSection(ExtensibilityGlobals) = postSolution
		SolutionGuid = {EEC22F16-119A-46EE-9A8C-FB193DF00C1B}
	EndGlobalSection
EndGlobal
